
Microsoft Visual Studio Solution File, Format Version 12.00
# Visual Studio Version 17
VisualStudioVersion = 17.8.34525.116
MinimumVisualStudioVersion = 10.0.40219.1
Project("{FAE04EC0-301F-11D3-BF4B-00C04F79EFBC}") = "AspWebMvc", "AspWebMvc.csproj", "{31BD7A94-93B1-42EB-9922-419E6A770D41}"
EndProject
Project("{FAE04EC0-301F-11D3-BF4B-00C04F79EFBC}") = "AspWebMvc.Tests", "..\AspWebMvc.Tests\AspWebMvc.Tests.csproj", "{7B4290CC-12E3-48BA-9C86-EB777981242B}"
EndProject
Global
	GlobalSection(SolutionConfigurationPlatforms) = preSolution
		Debug|Any CPU = Debug|Any CPU
		Release|Any CPU = Release|Any CPU
	EndGlobalSection
	GlobalSection(ProjectConfigurationPlatforms) = postSolution
		{31BD7A94-93B1-42EB-9922-419E6A770D41}.Debug|Any CPU.ActiveCfg = Debug|Any CPU
		{31BD7A94-93B1-42EB-9922-419E6A770D41}.Debug|Any CPU.Build.0 = Debug|Any CPU
		{31BD7A94-93B1-42EB-9922-419E6A770D41}.Release|Any CPU.ActiveCfg = Release|Any CPU
		{31BD7A94-93B1-42EB-9922-419E6A770D41}.Release|Any CPU.Build.0 = Release|Any CPU
		{7B4290CC-12E3-48BA-9C86-EB777981242B}.Debug|Any CPU.ActiveCfg = Debug|Any CPU
		{7B4290CC-12E3-48BA-9C86-EB777981242B}.Debug|Any CPU.Build.0 = Debug|Any CPU
		{7B4290CC-12E3-48BA-9C86-EB777981242B}.Release|Any CPU.ActiveCfg = Release|Any CPU
		{7B4290CC-12E3-48BA-9C86-EB777981242B}.Release|Any CPU.Build.0 = Release|Any CPU
	EndGlobalSection
	GlobalSection(SolutionProperties) = preSolution
		HideSolutionNode = FALSE
	EndGlobalSection
	GlobalSection(ExtensibilityGlobals) = postSolution
		SolutionGuid = {19E20543-D357-4F10-BF5D-C32303C204DD}
	EndGlobalSection
EndGlobal
